// !$*UTF8*$!
{
	archiveVersion = 1;
	classes = {
	};
	objectVersion = 50;
	objects = {

/* Begin PBXBuildFile section */
		F72EE7C0214972400024B85A /* AppDelegate.m in Sources */ = {isa = PBXBuildFile; fileRef = F72EE7BF214972400024B85A /* AppDelegate.m */; };
		F72EE7C6214972400024B85A /* Main.storyboard in Resources */ = {isa = PBXBuildFile; fileRef = F72EE7C4214972400024B85A /* Main.storyboard */; };
		F72EE7C8214972410024B85A /* Assets.xcassets in Resources */ = {isa = PBXBuildFile; fileRef = F72EE7C7214972410024B85A /* Assets.xcassets */; };
		F72EE7CB214972410024B85A /* LaunchScreen.storyboard in Resources */ = {isa = PBXBuildFile; fileRef = F72EE7C9214972410024B85A /* LaunchScreen.storyboard */; };
		F72EE7CE214972410024B85A /* main.m in Sources */ = {isa = PBXBuildFile; fileRef = F72EE7CD214972410024B85A /* main.m */; };
		F72EE7D7214977DF0024B85A /* TRASubreddit.m in Sources */ = {isa = PBXBuildFile; fileRef = F72EE7D6214977DF0024B85A /* TRASubreddit.m */; };
		F72EE7DB21497F9A0024B85A /* TRASubredditClient.m in Sources */ = {isa = PBXBuildFile; fileRef = F72EE7DA21497F9A0024B85A /* TRASubredditClient.m */; };
		F72EE7E22149A02D0024B85A /* SubRedditTableViewController.swift in Sources */ = {isa = PBXBuildFile; fileRef = F72EE7E12149A02D0024B85A /* SubRedditTableViewController.swift */; };
		F72EE7E52149A1990024B85A /* SubRedditTableViewCell.swift in Sources */ = {isa = PBXBuildFile; fileRef = F72EE7E42149A1990024B85A /* SubRedditTableViewCell.swift */; };
/* End PBXBuildFile section */

/* Begin PBXFileReference section */
		F72EE7BB214972400024B85A /* ReditC2.0.app */ = {isa = PBXFileReference; explicitFileType = wrapper.application; includeInIndex = 0; path = ReditC2.0.app; sourceTree = BUILT_PRODUCTS_DIR; };
		F72EE7BE214972400024B85A /* AppDelegate.h */ = {isa = PBXFileReference; lastKnownFileType = sourcecode.c.h; path = AppDelegate.h; sourceTree = "<group>"; };
		F72EE7BF214972400024B85A /* AppDelegate.m */ = {isa = PBXFileReference; lastKnownFileType = sourcecode.c.objc; path = AppDelegate.m; sourceTree = "<group>"; };
		F72EE7C5214972400024B85A /* Base */ = {isa = PBXFileReference; lastKnownFileType = file.storyboard; name = Base; path = Base.lproj/Main.storyboard; sourceTree = "<group>"; };
		F72EE7C7214972410024B85A /* Assets.xcassets */ = {isa = PBXFileReference; lastKnownFileType = folder.assetcatalog; path = Assets.xcassets; sourceTree = "<group>"; };
		F72EE7CA214972410024B85A /* Base */ = {isa = PBXFileReference; lastKnownFileType = file.storyboard; name = Base; path = Base.lproj/LaunchScreen.storyboard; sourceTree = "<group>"; };
		F72EE7CC214972410024B85A /* Info.plist */ = {isa = PBXFileReference; lastKnownFileType = text.plist.xml; path = Info.plist; sourceTree = "<group>"; };
		F72EE7CD214972410024B85A /* main.m */ = {isa = PBXFileReference; lastKnownFileType = sourcecode.c.objc; path = main.m; sourceTree = "<group>"; };
		F72EE7D5214977DF0024B85A /* TRASubreddit.h */ = {isa = PBXFileReference; lastKnownFileType = sourcecode.c.h; path = TRASubreddit.h; sourceTree = "<group>"; };
		F72EE7D6214977DF0024B85A /* TRASubreddit.m */ = {isa = PBXFileReference; lastKnownFileType = sourcecode.c.objc; path = TRASubreddit.m; sourceTree = "<group>"; };
		F72EE7D921497F9A0024B85A /* TRASubredditClient.h */ = {isa = PBXFileReference; lastKnownFileType = sourcecode.c.h; path = TRASubredditClient.h; sourceTree = "<group>"; };
		F72EE7DA21497F9A0024B85A /* TRASubredditClient.m */ = {isa = PBXFileReference; lastKnownFileType = sourcecode.c.objc; path = TRASubredditClient.m; sourceTree = "<group>"; };
		F72EE7E02149A02C0024B85A /* ReditC2.0-Bridging-Header.h */ = {isa = PBXFileReference; lastKnownFileType = sourcecode.c.h; path = "ReditC2.0-Bridging-Header.h"; sourceTree = "<group>"; };
		F72EE7E12149A02D0024B85A /* SubRedditTableViewController.swift */ = {isa = PBXFileReference; lastKnownFileType = sourcecode.swift; path = SubRedditTableViewController.swift; sourceTree = "<group>"; };
		F72EE7E42149A1990024B85A /* SubRedditTableViewCell.swift */ = {isa = PBXFileReference; lastKnownFileType = sourcecode.swift; path = SubRedditTableViewCell.swift; sourceTree = "<group>"; };
/* End PBXFileReference section */

/* Begin PBXFrameworksBuildPhase section */
		F72EE7B8214972400024B85A /* Frameworks */ = {
			isa = PBXFrameworksBuildPhase;
			buildActionMask = 2147483647;
			files = (
			);
			runOnlyForDeploymentPostprocessing = 0;
		};
/* End PBXFrameworksBuildPhase section */

/* Begin PBXGroup section */
		F72EE7B2214972400024B85A = {
			isa = PBXGroup;
			children = (
				F72EE7BD214972400024B85A /* ReditC2.0 */,
				F72EE7BC214972400024B85A /* Products */,
			);
			sourceTree = "<group>";
		};
		F72EE7BC214972400024B85A /* Products */ = {
			isa = PBXGroup;
			children = (
				F72EE7BB214972400024B85A /* ReditC2.0.app */,
			);
			name = Products;
			sourceTree = "<group>";
		};
		F72EE7BD214972400024B85A /* ReditC2.0 */ = {
			isa = PBXGroup;
			children = (
				F72EE7D4214975020024B85A /* Resources */,
				F72EE7DC21499FAF0024B85A /* Clients */,
				F72EE7D821497F5D0024B85A /* Models */,
				F72EE7E12149A02D0024B85A /* SubRedditTableViewController.swift */,
				F72EE7E32149A0790024B85A /* SupportFiles */,
				F72EE7E42149A1990024B85A /* SubRedditTableViewCell.swift */,
			);
			path = ReditC2.0;
			sourceTree = "<group>";
		};
		F72EE7D4214975020024B85A /* Resources */ = {
			isa = PBXGroup;
			children = (
				F72EE7BE214972400024B85A /* AppDelegate.h */,
				F72EE7BF214972400024B85A /* AppDelegate.m */,
				F72EE7C4214972400024B85A /* Main.storyboard */,
				F72EE7C7214972410024B85A /* Assets.xcassets */,
				F72EE7C9214972410024B85A /* LaunchScreen.storyboard */,
				F72EE7CC214972410024B85A /* Info.plist */,
				F72EE7CD214972410024B85A /* main.m */,
			);
			path = Resources;
			sourceTree = "<group>";
		};
		F72EE7D821497F5D0024B85A /* Models */ = {
			isa = PBXGroup;
			children = (
				F72EE7D5214977DF0024B85A /* TRASubreddit.h */,
				F72EE7D6214977DF0024B85A /* TRASubreddit.m */,
			);
			path = Models;
			sourceTree = "<group>";
		};
		F72EE7DC21499FAF0024B85A /* Clients */ = {
			isa = PBXGroup;
			children = (
				F72EE7D921497F9A0024B85A /* TRASubredditClient.h */,
				F72EE7DA21497F9A0024B85A /* TRASubredditClient.m */,
			);
			path = Clients;
			sourceTree = "<group>";
		};
		F72EE7E32149A0790024B85A /* SupportFiles */ = {
			isa = PBXGroup;
			children = (
				F72EE7E02149A02C0024B85A /* ReditC2.0-Bridging-Header.h */,
			);
			name = SupportFiles;
			sourceTree = "<group>";
		};
/* End PBXGroup section */

/* Begin PBXNativeTarget section */
		F72EE7BA214972400024B85A /* ReditC2.0 */ = {
			isa = PBXNativeTarget;
			buildConfigurationList = F72EE7D1214972410024B85A /* Build configuration list for PBXNativeTarget "ReditC2.0" */;
			buildPhases = (
				F72EE7B7214972400024B85A /* Sources */,
				F72EE7B8214972400024B85A /* Frameworks */,
				F72EE7B9214972400024B85A /* Resources */,
			);
			buildRules = (
			);
			dependencies = (
			);
			name = ReditC2.0;
			productName = ReditC2.0;
			productReference = F72EE7BB214972400024B85A /* ReditC2.0.app */;
			productType = "com.apple.product-type.application";
		};
/* End PBXNativeTarget section */

/* Begin PBXProject section */
		F72EE7B3214972400024B85A /* Project object */ = {
			isa = PBXProject;
			attributes = {
				LastUpgradeCheck = 1000;
				ORGANIZATIONNAME = trevorAdcock;
				TargetAttributes = {
					F72EE7BA214972400024B85A = {
						CreatedOnToolsVersion = 10.0;
						LastSwiftMigration = 1000;
					};
				};
			};
			buildConfigurationList = F72EE7B6214972400024B85A /* Build configuration list for PBXProject "ReditC2.0" */;
			compatibilityVersion = "Xcode 9.3";
			developmentRegion = en;
			hasScannedForEncodings = 0;
			knownRegions = (
				en,
				Base,
			);
			mainGroup = F72EE7B2214972400024B85A;
			productRefGroup = F72EE7BC214972400024B85A /* Products */;
			projectDirPath = "";
			projectRoot = "";
			targets = (
				F72EE7BA214972400024B85A /* ReditC2.0 */,
			);
		};
/* End PBXProject section */

/* Begin PBXResourcesBuildPhase section */
		F72EE7B9214972400024B85A /* Resources */ = {
			isa = PBXResourcesBuildPhase;
			buildActionMask = 2147483647;
			files = (
				F72EE7CB214972410024B85A /* LaunchScreen.storyboard in Resources */,
				F72EE7C8214972410024B85A /* Assets.xcassets in Resources */,
				F72EE7C6214972400024B85A /* Main.storyboard in Resources */,
			);
			runOnlyForDeploymentPostprocessing = 0;
		};
/* End PBXResourcesBuildPhase section */

/* Begin PBXSourcesBuildPhase section */
		F72EE7B7214972400024B85A /* Sources */ = {
			isa = PBXSourcesBuildPhase;
			buildActionMask = 2147483647;
			files = (
				F72EE7E52149A1990024B85A /* SubRedditTableViewCell.swift in Sources */,
				F72EE7E22149A02D0024B85A /* SubRedditTableViewController.swift in Sources */,
				F72EE7D7214977DF0024B85A /* TRASubreddit.m in Sources */,
				F72EE7CE214972410024B85A /* main.m in Sources */,
				F72EE7C0214972400024B85A /* AppDelegate.m in Sources */,
				F72EE7DB21497F9A0024B85A /* TRASubredditClient.m in Sources */,
			);
			runOnlyForDeploymentPostprocessing = 0;
		};
/* End PBXSourcesBuildPhase section */

/* Begin PBXVariantGroup section */
		F72EE7C4214972400024B85A /* Main.storyboard */ = {
			isa = PBXVariantGroup;
			children = (
				F72EE7C5214972400024B85A /* Base */,
			);
			name = Main.storyboard;
			sourceTree = "<group>";
		};
		F72EE7C9214972410024B85A /* LaunchScreen.storyboard */ = {
			isa = PBXVariantGroup;
			children = (
				F72EE7CA214972410024B85A /* Base */,
			);
			name = LaunchScreen.storyboard;
			sourceTree = "<group>";
		};
/* End PBXVariantGroup section */

/* Begin XCBuildConfiguration section */
		F72EE7CF214972410024B85A /* Debug */ = {
			isa = XCBuildConfiguration;
			buildSettings = {
				ALWAYS_SEARCH_USER_PATHS = NO;
				CLANG_ANALYZER_NONNULL = YES;
				CLANG_ANALYZER_NUMBER_OBJECT_CONVERSION = YES_AGGRESSIVE;
				CLANG_CXX_LANGUAGE_STANDARD = "gnu++14";
				CLANG_CXX_LIBRARY = "libc++";
				CLANG_ENABLE_MODULES = YES;
				CLANG_ENABLE_OBJC_ARC = YES;
				CLANG_ENABLE_OBJC_WEAK = YES;
				CLANG_WARN_BLOCK_CAPTURE_AUTORELEASING = YES;
				CLANG_WARN_BOOL_CONVERSION = YES;
				CLANG_WARN_COMMA = YES;
				CLANG_WARN_CONSTANT_CONVERSION = YES;
				CLANG_WARN_DEPRECATED_OBJC_IMPLEMENTATIONS = YES;
				CLANG_WARN_DIRECT_OBJC_ISA_USAGE = YES_ERROR;
				CLANG_WARN_DOCUMENTATION_COMMENTS = YES;
				CLANG_WARN_EMPTY_BODY = YES;
				CLANG_WARN_ENUM_CONVERSION = YES;
				CLANG_WARN_INFINITE_RECURSION = YES;
				CLANG_WARN_INT_CONVERSION = YES;
				CLANG_WARN_NON_LITERAL_NULL_CONVERSION = YES;
				CLANG_WARN_OBJC_IMPLICIT_RETAIN_SELF = YES;
				CLANG_WARN_OBJC_LITERAL_CONVERSION = YES;
				CLANG_WARN_OBJC_ROOT_CLASS = YES_ERROR;
				CLANG_WARN_RANGE_LOOP_ANALYSIS = YES;
				CLANG_WARN_STRICT_PROTOTYPES = YES;
				CLANG_WARN_SUSPICIOUS_MOVE = YES;
				CLANG_WARN_UNGUARDED_AVAILABILITY = YES_AGGRESSIVE;
				CLANG_WARN_UNREACHABLE_CODE = YES;
				CLANG_WARN__DUPLICATE_METHOD_MATCH = YES;
				CODE_SIGN_IDENTITY = "iPhone Developer";
				COPY_PHASE_STRIP = NO;
				DEBUG_INFORMATION_FORMAT = dwarf;
				ENABLE_STRICT_OBJC_MSGSEND = YES;
				ENABLE_TESTABILITY = YES;
				GCC_C_LANGUAGE_STANDARD = gnu11;
				GCC_DYNAMIC_NO_PIC = NO;
				GCC_NO_COMMON_BLOCKS = YES;
				GCC_OPTIMIZATION_LEVEL = 0;
				GCC_PREPROCESSOR_DEFINITIONS = (
					"DEBUG=1",
					"$(inherited)",
				);
				GCC_WARN_64_TO_32_BIT_CONVERSION = YES;
				GCC_WARN_ABOUT_RETURN_TYPE = YES_ERROR;
				GCC_WARN_UNDECLARED_SELECTOR = YES;
				GCC_WARN_UNINITIALIZED_AUTOS = YES_AGGRESSIVE;
				GCC_WARN_UNUSED_FUNCTION = YES;
				GCC_WARN_UNUSED_VARIABLE = YES;
				IPHONEOS_DEPLOYMENT_TARGET = 12.0;
				MTL_ENABLE_DEBUG_INFO = INCLUDE_SOURCE;
				MTL_FAST_MATH = YES;
				ONLY_ACTIVE_ARCH = YES;
				SDKROOT = iphoneos;
			};
			name = Debug;
		};
		F72EE7D0214972410024B85A /* Release */ = {
			isa = XCBuildConfiguration;
			buildSettings = {
				ALWAYS_SEARCH_USER_PATHS = NO;
				CLANG_ANALYZER_NONNULL = YES;
				CLANG_ANALYZER_NUMBER_OBJECT_CONVERSION = YES_AGGRESSIVE;
				CLANG_CXX_LANGUAGE_STANDARD = "gnu++14";
				CLANG_CXX_LIBRARY = "libc++";
				CLANG_ENABLE_MODULES = YES;
				CLANG_ENABLE_OBJC_ARC = YES;
				CLANG_ENABLE_OBJC_WEAK = YES;
				CLANG_WARN_BLOCK_CAPTURE_AUTORELEASING = YES;
				CLANG_WARN_BOOL_CONVERSION = YES;
				CLANG_WARN_COMMA = YES;
				CLANG_WARN_CONSTANT_CONVERSION = YES;
				CLANG_WARN_DEPRECATED_OBJC_IMPLEMENTATIONS = YES;
				CLANG_WARN_DIRECT_OBJC_ISA_USAGE = YES_ERROR;
				CLANG_WARN_DOCUMENTATION_COMMENTS = YES;
				CLANG_WARN_EMPTY_BODY = YES;
				CLANG_WARN_ENUM_CONVERSION = YES;
				CLANG_WARN_INFINITE_RECURSION = YES;
				CLANG_WARN_INT_CONVERSION = YES;
				CLANG_WARN_NON_LITERAL_NULL_CONVERSION = YES;
				CLANG_WARN_OBJC_IMPLICIT_RETAIN_SELF = YES;
				CLANG_WARN_OBJC_LITERAL_CONVERSION = YES;
				CLANG_WARN_OBJC_ROOT_CLASS = YES_ERROR;
				CLANG_WARN_RANGE_LOOP_ANALYSIS = YES;
				CLANG_WARN_STRICT_PROTOTYPES = YES;
				CLANG_WARN_SUSPICIOUS_MOVE = YES;
				CLANG_WARN_UNGUARDED_AVAILABILITY = YES_AGGRESSIVE;
				CLANG_WARN_UNREACHABLE_CODE = YES;
				CLANG_WARN__DUPLICATE_METHOD_MATCH = YES;
				CODE_SIGN_IDENTITY = "iPhone Developer";
				COPY_PHASE_STRIP = NO;
				DEBUG_INFORMATION_FORMAT = "dwarf-with-dsym";
				ENABLE_NS_ASSERTIONS = NO;
				ENABLE_STRICT_OBJC_MSGSEND = YES;
				GCC_C_LANGUAGE_STANDARD = gnu11;
				GCC_NO_COMMON_BLOCKS = YES;
				GCC_WARN_64_TO_32_BIT_CONVERSION = YES;
				GCC_WARN_ABOUT_RETURN_TYPE = YES_ERROR;
				GCC_WARN_UNDECLARED_SELECTOR = YES;
				GCC_WARN_UNINITIALIZED_AUTOS = YES_AGGRESSIVE;
				GCC_WARN_UNUSED_FUNCTION = YES;
				GCC_WARN_UNUSED_VARIABLE = YES;
				IPHONEOS_DEPLOYMENT_TARGET = 12.0;
				MTL_ENABLE_DEBUG_INFO = NO;
				MTL_FAST_MATH = YES;
				SDKROOT = iphoneos;
				VALIDATE_PRODUCT = YES;
			};
			name = Release;
		};
		F72EE7D2214972410024B85A /* Debug */ = {
			isa = XCBuildConfiguration;
			buildSettings = {
				ASSETCATALOG_COMPILER_APPICON_NAME = AppIcon;
				CLANG_ENABLE_MODULES = YES;
				CODE_SIGN_STYLE = Automatic;
				INFOPLIST_FILE = "$(SRCROOT)/ReditC2.0/Resources/Info.plist";
				LD_RUNPATH_SEARCH_PATHS = (
					"$(inherited)",
					"@executable_path/Frameworks",
				);
				PRODUCT_BUNDLE_IDENTIFIER = "com.trevoradcock.ReditC2-0";
				PRODUCT_NAME = "$(TARGET_NAME)";
				SWIFT_OBJC_BRIDGING_HEADER = "ReditC2.0/ReditC2.0-Bridging-Header.h";
				SWIFT_OPTIMIZATION_LEVEL = "-Onone";
				SWIFT_VERSION = 4.2;
				TARGETED_DEVICE_FAMILY = "1,2";
			};
			name = Debug;
		};
		F72EE7D3214972410024B85A /* Release */ = {
			isa = XCBuildConfiguration;
			buildSettings = {
				ASSETCATALOG_COMPILER_APPICON_NAME = AppIcon;
				CLANG_ENABLE_MODULES = YES;
				CODE_SIGN_STYLE = Automatic;
				INFOPLIST_FILE = "$(SRCROOT)/ReditC2.0/Resources/Info.plist";
				LD_RUNPATH_SEARCH_PATHS = (
					"$(inherited)",
					"@executable_path/Frameworks",
				);
				PRODUCT_BUNDLE_IDENTIFIER = "com.trevoradcock.ReditC2-0";
				PRODUCT_NAME = "$(TARGET_NAME)";
				SWIFT_OBJC_BRIDGING_HEADER = "ReditC2.0/ReditC2.0-Bridging-Header.h";
				SWIFT_VERSION = 4.2;
				TARGETED_DEVICE_FAMILY = "1,2";
			};
			name = Release;
		};
/* End XCBuildConfiguration section */

/* Begin XCConfigurationList section */
		F72EE7B6214972400024B85A /* Build configuration list for PBXProject "ReditC2.0" */ = {
			isa = XCConfigurationList;
			buildConfigurations = (
				F72EE7CF214972410024B85A /* Debug */,
				F72EE7D0214972410024B85A /* Release */,
			);
			defaultConfigurationIsVisible = 0;
			defaultConfigurationName = Release;
		};
		F72EE7D1214972410024B85A /* Build configuration list for PBXNativeTarget "ReditC2.0" */ = {
			isa = XCConfigurationList;
			buildConfigurations = (
				F72EE7D2214972410024B85A /* Debug */,
				F72EE7D3214972410024B85A /* Release */,
			);
			defaultConfigurationIsVisible = 0;
			defaultConfigurationName = Release;
		};
/* End XCConfigurationList section */
	};
	rootObject = F72EE7B3214972400024B85A /* Project object */;
}
